// !$*UTF8*$!
{
	archiveVersion = 1;
	classes = {
	};
	objectVersion = 51;
	objects = {

/* Begin PBXBuildFile section */
		1E1367E224AC2272004BB87F /* HeaderCell.m in Sources */ = {isa = PBXBuildFile; fileRef = 1E1367E124AC2272004BB87F /* HeaderCell.m */; };
		1E1367E824ACD8AE004BB87F /* checked.png in Resources */ = {isa = PBXBuildFile; fileRef = 1E1367E424ACD8AE004BB87F /* checked.png */; };
		1E1367E924ACD8AE004BB87F /* unchecked.png in Resources */ = {isa = PBXBuildFile; fileRef = 1E1367E524ACD8AE004BB87F /* unchecked.png */; };
		1E1367EA24ACD8AE004BB87F /* arrowdown.png in Resources */ = {isa = PBXBuildFile; fileRef = 1E1367E624ACD8AE004BB87F /* arrowdown.png */; };
		1E1367EB24ACD8AE004BB87F /* arrowright.png in Resources */ = {isa = PBXBuildFile; fileRef = 1E1367E724ACD8AE004BB87F /* arrowright.png */; };
		1E1367EE24AE3ADB004BB87F /* MoveCell.m in Sources */ = {isa = PBXBuildFile; fileRef = 1E1367ED24AE3ADB004BB87F /* MoveCell.m */; };
		1E1367F124AE5B43004BB87F /* CellMenuItem.m in Sources */ = {isa = PBXBuildFile; fileRef = 1E1367F024AE5B43004BB87F /* CellMenuItem.m */; };
		1E1367F424B41122004BB87F /* MainCell.m in Sources */ = {isa = PBXBuildFile; fileRef = 1E1367F224B41122004BB87F /* MainCell.m */; };
		1E1367F624B413DB004BB87F /* punchplaceholder.png in Resources */ = {isa = PBXBuildFile; fileRef = 1E1367F524B413DB004BB87F /* punchplaceholder.png */; };
		1E1DBB0524C52717002F53F5 /* DragoW2Final.png in Resources */ = {isa = PBXBuildFile; fileRef = 1E1DBB0124C52715002F53F5 /* DragoW2Final.png */; };
		1E1DBB0624C52717002F53F5 /* DragoBWFinal.png in Resources */ = {isa = PBXBuildFile; fileRef = 1E1DBB0224C52715002F53F5 /* DragoBWFinal.png */; };
		1E1DBB0724C52717002F53F5 /* DragoRFinal.png in Resources */ = {isa = PBXBuildFile; fileRef = 1E1DBB0324C52716002F53F5 /* DragoRFinal.png */; };
		1E1DBB0824C52717002F53F5 /* DragoWFinal.png in Resources */ = {isa = PBXBuildFile; fileRef = 1E1DBB0424C52717002F53F5 /* DragoWFinal.png */; };
		1E28E6B024A4272200E24311 /* CategoryItem.m in Sources */ = {isa = PBXBuildFile; fileRef = 1E28E6AF24A4272200E24311 /* CategoryItem.m */; };
		1E37B87724D3AF80008A1ED7 /* SoundManager.m in Sources */ = {isa = PBXBuildFile; fileRef = 1E37B87524D3AF80008A1ED7 /* SoundManager.m */; };
		1E37B87924D3B1C1008A1ED7 /* knee.mp3 in Resources */ = {isa = PBXBuildFile; fileRef = 1E37B87824D3B1C1008A1ED7 /* knee.mp3 */; };
		1E5706FE24B68668004710BB /* filter.png in Resources */ = {isa = PBXBuildFile; fileRef = 1E5706FD24B68668004710BB /* filter.png */; };
		1E5A89E0B3BC41DBBC7BA269 /* Pods_kickboxing_app.framework in Frameworks */ = {isa = PBXBuildFile; fileRef = B46A294CB9EFB9CF49B428D9 /* Pods_kickboxing_app.framework */; };
		1E9E674E2471FCB0006595EF /* AppDelegate.m in Sources */ = {isa = PBXBuildFile; fileRef = 1E9E674D2471FCB0006595EF /* AppDelegate.m */; };
		1E9E67512471FCB0006595EF /* SceneDelegate.m in Sources */ = {isa = PBXBuildFile; fileRef = 1E9E67502471FCB0006595EF /* SceneDelegate.m */; };
		1E9E67542471FCB0006595EF /* ViewController.m in Sources */ = {isa = PBXBuildFile; fileRef = 1E9E67532471FCB0006595EF /* ViewController.m */; };
		1E9E67572471FCB0006595EF /* Main.storyboard in Resources */ = {isa = PBXBuildFile; fileRef = 1E9E67552471FCB0006595EF /* Main.storyboard */; };
		1E9E67592471FCB1006595EF /* Assets.xcassets in Resources */ = {isa = PBXBuildFile; fileRef = 1E9E67582471FCB1006595EF /* Assets.xcassets */; };
		1E9E675C2471FCB1006595EF /* LaunchScreen.storyboard in Resources */ = {isa = PBXBuildFile; fileRef = 1E9E675A2471FCB1006595EF /* LaunchScreen.storyboard */; };
		1E9E675F2471FCB1006595EF /* main.m in Sources */ = {isa = PBXBuildFile; fileRef = 1E9E675E2471FCB1006595EF /* main.m */; };
		1E9E676B24742112006595EF /* MoveManager.m in Sources */ = {isa = PBXBuildFile; fileRef = 1E9E676A24742112006595EF /* MoveManager.m */; };
		1E9E67702474291E006595EF /* Move.m in Sources */ = {isa = PBXBuildFile; fileRef = 1E9E676F2474291E006595EF /* Move.m */; };
		1ECF116C24B6A4F1009D4E6D /* error.png in Resources */ = {isa = PBXBuildFile; fileRef = 1ECF116B24B6A4F1009D4E6D /* error.png */; };
		1ECF116E24B75586009D4E6D /* logo.png in Resources */ = {isa = PBXBuildFile; fileRef = 1ECF116D24B75585009D4E6D /* logo.png */; };
		1ECF117024B7DA5B009D4E6D /* ocean.jpg in Resources */ = {isa = PBXBuildFile; fileRef = 1ECF116F24B7DA5B009D4E6D /* ocean.jpg */; };
		1ECF117224B7DA63009D4E6D /* special-delivery (1).jpg in Resources */ = {isa = PBXBuildFile; fileRef = 1ECF117124B7DA63009D4E6D /* special-delivery (1).jpg */; };
		1ECF117424B7DA6B009D4E6D /* shattered-island.gif in Resources */ = {isa = PBXBuildFile; fileRef = 1ECF117324B7DA6B009D4E6D /* shattered-island.gif */; };
		1ECF117624B7F27C009D4E6D /* hamburgermenu.png in Resources */ = {isa = PBXBuildFile; fileRef = 1ECF117524B7F27B009D4E6D /* hamburgermenu.png */; };
		1ECF117C24B8C7B8009D4E6D /* arrowleft.png in Resources */ = {isa = PBXBuildFile; fileRef = 1ECF117B24B8C7B8009D4E6D /* arrowleft.png */; };
		1ECF11ED24BBAA10009D4E6D /* fontlogoblack.png in Resources */ = {isa = PBXBuildFile; fileRef = 1ECF11EB24BBAA10009D4E6D /* fontlogoblack.png */; };
		1ECF11EE24BBAA10009D4E6D /* fontlogowhite.png in Resources */ = {isa = PBXBuildFile; fileRef = 1ECF11EC24BBAA10009D4E6D /* fontlogowhite.png */; };
		1ECF120124BE694E009D4E6D /* cross.png in Resources */ = {isa = PBXBuildFile; fileRef = 1ECF11EF24BE694C009D4E6D /* cross.png */; };
		1ECF120224BE694E009D4E6D /* leadhook.png in Resources */ = {isa = PBXBuildFile; fileRef = 1ECF11F024BE694C009D4E6D /* leadhook.png */; };
		1ECF120324BE694E009D4E6D /* front.png in Resources */ = {isa = PBXBuildFile; fileRef = 1ECF11F124BE694C009D4E6D /* front.png */; };
		1ECF120424BE694E009D4E6D /* sidekick.png in Resources */ = {isa = PBXBuildFile; fileRef = 1ECF11F224BE694C009D4E6D /* sidekick.png */; };
		1ECF120524BE694E009D4E6D /* slideright.png in Resources */ = {isa = PBXBuildFile; fileRef = 1ECF11F324BE694C009D4E6D /* slideright.png */; };
		1ECF120624BE694E009D4E6D /* roll.png in Resources */ = {isa = PBXBuildFile; fileRef = 1ECF11F424BE694C009D4E6D /* roll.png */; };
		1ECF120724BE694E009D4E6D /* jab.png in Resources */ = {isa = PBXBuildFile; fileRef = 1ECF11F524BE694C009D4E6D /* jab.png */; };
		1ECF120824BE694E009D4E6D /* slideleft.png in Resources */ = {isa = PBXBuildFile; fileRef = 1ECF11F624BE694C009D4E6D /* slideleft.png */; };
		1ECF120924BE694E009D4E6D /* rearhook.png in Resources */ = {isa = PBXBuildFile; fileRef = 1ECF11F724BE694C009D4E6D /* rearhook.png */; };
		1ECF120A24BE694E009D4E6D /* slideout.png in Resources */ = {isa = PBXBuildFile; fileRef = 1ECF11F824BE694D009D4E6D /* slideout.png */; };
		1ECF120B24BE694E009D4E6D /* lean.png in Resources */ = {isa = PBXBuildFile; fileRef = 1ECF11F924BE694D009D4E6D /* lean.png */; };
		1ECF120C24BE694E009D4E6D /* round.png in Resources */ = {isa = PBXBuildFile; fileRef = 1ECF11FA24BE694D009D4E6D /* round.png */; };
		1ECF120D24BE694E009D4E6D /* leadupper.png in Resources */ = {isa = PBXBuildFile; fileRef = 1ECF11FB24BE694D009D4E6D /* leadupper.png */; };
		1ECF120E24BE694E009D4E6D /* slidein.png in Resources */ = {isa = PBXBuildFile; fileRef = 1ECF11FC24BE694D009D4E6D /* slidein.png */; };
		1ECF120F24BE694E009D4E6D /* knee.png in Resources */ = {isa = PBXBuildFile; fileRef = 1ECF11FD24BE694D009D4E6D /* knee.png */; };
		1ECF121024BE694E009D4E6D /* teep.png in Resources */ = {isa = PBXBuildFile; fileRef = 1ECF11FE24BE694D009D4E6D /* teep.png */; };
		1ECF121124BE694E009D4E6D /* slip.png in Resources */ = {isa = PBXBuildFile; fileRef = 1ECF11FF24BE694D009D4E6D /* slip.png */; };
		1ECF121224BE694E009D4E6D /* rearupper.png in Resources */ = {isa = PBXBuildFile; fileRef = 1ECF120024BE694E009D4E6D /* rearupper.png */; };
		1ECF121424BE9316009D4E6D /* question.png in Resources */ = {isa = PBXBuildFile; fileRef = 1ECF121324BE9316009D4E6D /* question.png */; };
		1ECF121624BE93C4009D4E6D /* questionmark.png in Resources */ = {isa = PBXBuildFile; fileRef = 1ECF121524BE93C3009D4E6D /* questionmark.png */; };
		1ECF121824BE99A5009D4E6D /* gear.png in Resources */ = {isa = PBXBuildFile; fileRef = 1ECF121724BE99A5009D4E6D /* gear.png */; };
		1ECF121A24BFD634009D4E6D /* kcickgenicontrans.png in Resources */ = {isa = PBXBuildFile; fileRef = 1ECF121924BFD634009D4E6D /* kcickgenicontrans.png */; };
		739B5C7D24CE639C007B1A07 /* speaker.png in Resources */ = {isa = PBXBuildFile; fileRef = 739B5C7C24CE639C007B1A07 /* speaker.png */; };
		739B5C7F24CE70D4007B1A07 /* coach.png in Resources */ = {isa = PBXBuildFile; fileRef = 739B5C7E24CE70D3007B1A07 /* coach.png */; };
		739B5C8124CE85E2007B1A07 /* whistle.png in Resources */ = {isa = PBXBuildFile; fileRef = 739B5C8024CE85E2007B1A07 /* whistle.png */; };
/* End PBXBuildFile section */

/* Begin PBXFileReference section */
		1E1367E024AC2250004BB87F /* HeaderCell.h */ = {isa = PBXFileReference; lastKnownFileType = sourcecode.c.h; path = HeaderCell.h; sourceTree = "<group>"; };
		1E1367E124AC2272004BB87F /* HeaderCell.m */ = {isa = PBXFileReference; lastKnownFileType = sourcecode.c.objc; path = HeaderCell.m; sourceTree = "<group>"; };
		1E1367E424ACD8AE004BB87F /* checked.png */ = {isa = PBXFileReference; lastKnownFileType = image.png; path = checked.png; sourceTree = "<group>"; };
		1E1367E524ACD8AE004BB87F /* unchecked.png */ = {isa = PBXFileReference; lastKnownFileType = image.png; path = unchecked.png; sourceTree = "<group>"; };
		1E1367E624ACD8AE004BB87F /* arrowdown.png */ = {isa = PBXFileReference; lastKnownFileType = image.png; path = arrowdown.png; sourceTree = "<group>"; };
		1E1367E724ACD8AE004BB87F /* arrowright.png */ = {isa = PBXFileReference; lastKnownFileType = image.png; path = arrowright.png; sourceTree = "<group>"; };
		1E1367EC24AD8B79004BB87F /* MoveCell.h */ = {isa = PBXFileReference; lastKnownFileType = sourcecode.c.h; path = MoveCell.h; sourceTree = "<group>"; };
		1E1367ED24AE3ADB004BB87F /* MoveCell.m */ = {isa = PBXFileReference; lastKnownFileType = sourcecode.c.objc; path = MoveCell.m; sourceTree = "<group>"; };
		1E1367EF24AE5AE6004BB87F /* CellMenuItem.h */ = {isa = PBXFileReference; lastKnownFileType = sourcecode.c.h; path = CellMenuItem.h; sourceTree = "<group>"; };
		1E1367F024AE5B43004BB87F /* CellMenuItem.m */ = {isa = PBXFileReference; lastKnownFileType = sourcecode.c.objc; path = CellMenuItem.m; sourceTree = "<group>"; };
		1E1367F224B41122004BB87F /* MainCell.m */ = {isa = PBXFileReference; fileEncoding = 4; lastKnownFileType = sourcecode.c.objc; path = MainCell.m; sourceTree = "<group>"; };
		1E1367F324B41122004BB87F /* MainCell.h */ = {isa = PBXFileReference; fileEncoding = 4; lastKnownFileType = sourcecode.c.h; path = MainCell.h; sourceTree = "<group>"; };
		1E1367F524B413DB004BB87F /* punchplaceholder.png */ = {isa = PBXFileReference; lastKnownFileType = image.png; path = punchplaceholder.png; sourceTree = "<group>"; };
		1E1DBB0124C52715002F53F5 /* DragoW2Final.png */ = {isa = PBXFileReference; lastKnownFileType = image.png; path = DragoW2Final.png; sourceTree = "<group>"; };
		1E1DBB0224C52715002F53F5 /* DragoBWFinal.png */ = {isa = PBXFileReference; lastKnownFileType = image.png; path = DragoBWFinal.png; sourceTree = "<group>"; };
		1E1DBB0324C52716002F53F5 /* DragoRFinal.png */ = {isa = PBXFileReference; lastKnownFileType = image.png; path = DragoRFinal.png; sourceTree = "<group>"; };
		1E1DBB0424C52717002F53F5 /* DragoWFinal.png */ = {isa = PBXFileReference; lastKnownFileType = image.png; path = DragoWFinal.png; sourceTree = "<group>"; };
		1E28E6AE24A4270500E24311 /* CategoryItem.h */ = {isa = PBXFileReference; lastKnownFileType = sourcecode.c.h; path = CategoryItem.h; sourceTree = "<group>"; };
		1E28E6AF24A4272200E24311 /* CategoryItem.m */ = {isa = PBXFileReference; lastKnownFileType = sourcecode.c.objc; path = CategoryItem.m; sourceTree = "<group>"; };
		1E37B87524D3AF80008A1ED7 /* SoundManager.m */ = {isa = PBXFileReference; fileEncoding = 4; lastKnownFileType = sourcecode.c.objc; path = SoundManager.m; sourceTree = "<group>"; };
		1E37B87624D3AF80008A1ED7 /* SoundManager.h */ = {isa = PBXFileReference; fileEncoding = 4; lastKnownFileType = sourcecode.c.h; path = SoundManager.h; sourceTree = "<group>"; };
		1E37B87824D3B1C1008A1ED7 /* knee.mp3 */ = {isa = PBXFileReference; lastKnownFileType = audio.mp3; path = knee.mp3; sourceTree = "<group>"; };
		1E5706FD24B68668004710BB /* filter.png */ = {isa = PBXFileReference; lastKnownFileType = image.png; path = filter.png; sourceTree = "<group>"; };
		1E9E67492471FCB0006595EF /* Kickbotic.app */ = {isa = PBXFileReference; explicitFileType = wrapper.application; includeInIndex = 0; path = Kickbotic.app; sourceTree = BUILT_PRODUCTS_DIR; };
		1E9E674C2471FCB0006595EF /* AppDelegate.h */ = {isa = PBXFileReference; lastKnownFileType = sourcecode.c.h; path = AppDelegate.h; sourceTree = "<group>"; };
		1E9E674D2471FCB0006595EF /* AppDelegate.m */ = {isa = PBXFileReference; lastKnownFileType = sourcecode.c.objc; path = AppDelegate.m; sourceTree = "<group>"; };
		1E9E674F2471FCB0006595EF /* SceneDelegate.h */ = {isa = PBXFileReference; lastKnownFileType = sourcecode.c.h; path = SceneDelegate.h; sourceTree = "<group>"; };
		1E9E67502471FCB0006595EF /* SceneDelegate.m */ = {isa = PBXFileReference; lastKnownFileType = sourcecode.c.objc; path = SceneDelegate.m; sourceTree = "<group>"; };
		1E9E67522471FCB0006595EF /* ViewController.h */ = {isa = PBXFileReference; lastKnownFileType = sourcecode.c.h; path = ViewController.h; sourceTree = "<group>"; };
		1E9E67532471FCB0006595EF /* ViewController.m */ = {isa = PBXFileReference; lastKnownFileType = sourcecode.c.objc; path = ViewController.m; sourceTree = "<group>"; };
		1E9E67562471FCB0006595EF /* Base */ = {isa = PBXFileReference; lastKnownFileType = file.storyboard; name = Base; path = Base.lproj/Main.storyboard; sourceTree = "<group>"; };
		1E9E67582471FCB1006595EF /* Assets.xcassets */ = {isa = PBXFileReference; lastKnownFileType = folder.assetcatalog; path = Assets.xcassets; sourceTree = "<group>"; };
		1E9E675B2471FCB1006595EF /* Base */ = {isa = PBXFileReference; lastKnownFileType = file.storyboard; name = Base; path = Base.lproj/LaunchScreen.storyboard; sourceTree = "<group>"; };
		1E9E675D2471FCB1006595EF /* Info.plist */ = {isa = PBXFileReference; lastKnownFileType = text.plist.xml; path = Info.plist; sourceTree = "<group>"; };
		1E9E675E2471FCB1006595EF /* main.m */ = {isa = PBXFileReference; lastKnownFileType = sourcecode.c.objc; path = main.m; sourceTree = "<group>"; };
		1E9E676A24742112006595EF /* MoveManager.m */ = {isa = PBXFileReference; lastKnownFileType = sourcecode.c.objc; path = MoveManager.m; sourceTree = "<group>"; };
		1E9E676D24742130006595EF /* MoveManager.h */ = {isa = PBXFileReference; lastKnownFileType = sourcecode.c.h; path = MoveManager.h; sourceTree = "<group>"; };
		1E9E676E24742518006595EF /* Move.h */ = {isa = PBXFileReference; lastKnownFileType = sourcecode.c.h; path = Move.h; sourceTree = "<group>"; };
		1E9E676F2474291E006595EF /* Move.m */ = {isa = PBXFileReference; lastKnownFileType = sourcecode.c.objc; path = Move.m; sourceTree = "<group>"; };
		1ECF116B24B6A4F1009D4E6D /* error.png */ = {isa = PBXFileReference; lastKnownFileType = image.png; path = error.png; sourceTree = "<group>"; };
		1ECF116D24B75585009D4E6D /* logo.png */ = {isa = PBXFileReference; lastKnownFileType = image.png; path = logo.png; sourceTree = "<group>"; };
		1ECF116F24B7DA5B009D4E6D /* ocean.jpg */ = {isa = PBXFileReference; lastKnownFileType = image.jpeg; path = ocean.jpg; sourceTree = "<group>"; };
		1ECF117124B7DA63009D4E6D /* special-delivery (1).jpg */ = {isa = PBXFileReference; lastKnownFileType = image.jpeg; path = "special-delivery (1).jpg"; sourceTree = "<group>"; };
		1ECF117324B7DA6B009D4E6D /* shattered-island.gif */ = {isa = PBXFileReference; lastKnownFileType = image.gif; path = "shattered-island.gif"; sourceTree = "<group>"; };
		1ECF117524B7F27B009D4E6D /* hamburgermenu.png */ = {isa = PBXFileReference; lastKnownFileType = image.png; path = hamburgermenu.png; sourceTree = "<group>"; };
		1ECF117B24B8C7B8009D4E6D /* arrowleft.png */ = {isa = PBXFileReference; lastKnownFileType = image.png; path = arrowleft.png; sourceTree = "<group>"; };
		1ECF11EB24BBAA10009D4E6D /* fontlogoblack.png */ = {isa = PBXFileReference; lastKnownFileType = image.png; path = fontlogoblack.png; sourceTree = "<group>"; };
		1ECF11EC24BBAA10009D4E6D /* fontlogowhite.png */ = {isa = PBXFileReference; lastKnownFileType = image.png; path = fontlogowhite.png; sourceTree = "<group>"; };
		1ECF11EF24BE694C009D4E6D /* cross.png */ = {isa = PBXFileReference; lastKnownFileType = image.png; path = cross.png; sourceTree = "<group>"; };
		1ECF11F024BE694C009D4E6D /* leadhook.png */ = {isa = PBXFileReference; lastKnownFileType = image.png; path = leadhook.png; sourceTree = "<group>"; };
		1ECF11F124BE694C009D4E6D /* front.png */ = {isa = PBXFileReference; lastKnownFileType = image.png; path = front.png; sourceTree = "<group>"; };
		1ECF11F224BE694C009D4E6D /* sidekick.png */ = {isa = PBXFileReference; lastKnownFileType = image.png; path = sidekick.png; sourceTree = "<group>"; };
		1ECF11F324BE694C009D4E6D /* slideright.png */ = {isa = PBXFileReference; lastKnownFileType = image.png; path = slideright.png; sourceTree = "<group>"; };
		1ECF11F424BE694C009D4E6D /* roll.png */ = {isa = PBXFileReference; lastKnownFileType = image.png; path = roll.png; sourceTree = "<group>"; };
		1ECF11F524BE694C009D4E6D /* jab.png */ = {isa = PBXFileReference; lastKnownFileType = image.png; path = jab.png; sourceTree = "<group>"; };
		1ECF11F624BE694C009D4E6D /* slideleft.png */ = {isa = PBXFileReference; lastKnownFileType = image.png; path = slideleft.png; sourceTree = "<group>"; };
		1ECF11F724BE694C009D4E6D /* rearhook.png */ = {isa = PBXFileReference; lastKnownFileType = image.png; path = rearhook.png; sourceTree = "<group>"; };
		1ECF11F824BE694D009D4E6D /* slideout.png */ = {isa = PBXFileReference; lastKnownFileType = image.png; path = slideout.png; sourceTree = "<group>"; };
		1ECF11F924BE694D009D4E6D /* lean.png */ = {isa = PBXFileReference; lastKnownFileType = image.png; path = lean.png; sourceTree = "<group>"; };
		1ECF11FA24BE694D009D4E6D /* round.png */ = {isa = PBXFileReference; lastKnownFileType = image.png; path = round.png; sourceTree = "<group>"; };
		1ECF11FB24BE694D009D4E6D /* leadupper.png */ = {isa = PBXFileReference; lastKnownFileType = image.png; path = leadupper.png; sourceTree = "<group>"; };
		1ECF11FC24BE694D009D4E6D /* slidein.png */ = {isa = PBXFileReference; lastKnownFileType = image.png; path = slidein.png; sourceTree = "<group>"; };
		1ECF11FD24BE694D009D4E6D /* knee.png */ = {isa = PBXFileReference; lastKnownFileType = image.png; path = knee.png; sourceTree = "<group>"; };
		1ECF11FE24BE694D009D4E6D /* teep.png */ = {isa = PBXFileReference; lastKnownFileType = image.png; path = teep.png; sourceTree = "<group>"; };
		1ECF11FF24BE694D009D4E6D /* slip.png */ = {isa = PBXFileReference; lastKnownFileType = image.png; path = slip.png; sourceTree = "<group>"; };
		1ECF120024BE694E009D4E6D /* rearupper.png */ = {isa = PBXFileReference; lastKnownFileType = image.png; path = rearupper.png; sourceTree = "<group>"; };
		1ECF121324BE9316009D4E6D /* question.png */ = {isa = PBXFileReference; lastKnownFileType = image.png; path = question.png; sourceTree = "<group>"; };
		1ECF121524BE93C3009D4E6D /* questionmark.png */ = {isa = PBXFileReference; lastKnownFileType = image.png; path = questionmark.png; sourceTree = "<group>"; };
		1ECF121724BE99A5009D4E6D /* gear.png */ = {isa = PBXFileReference; lastKnownFileType = image.png; path = gear.png; sourceTree = "<group>"; };
		1ECF121924BFD634009D4E6D /* kcickgenicontrans.png */ = {isa = PBXFileReference; lastKnownFileType = image.png; path = kcickgenicontrans.png; sourceTree = "<group>"; };
		739B5C7C24CE639C007B1A07 /* speaker.png */ = {isa = PBXFileReference; lastKnownFileType = image.png; path = speaker.png; sourceTree = "<group>"; };
		739B5C7E24CE70D3007B1A07 /* coach.png */ = {isa = PBXFileReference; lastKnownFileType = image.png; path = coach.png; sourceTree = "<group>"; };
		739B5C8024CE85E2007B1A07 /* whistle.png */ = {isa = PBXFileReference; lastKnownFileType = image.png; path = whistle.png; sourceTree = "<group>"; };
		7E1D73C6ACC29C763F88B8C6 /* Pods-kickboxing app.debug.xcconfig */ = {isa = PBXFileReference; includeInIndex = 1; lastKnownFileType = text.xcconfig; name = "Pods-kickboxing app.debug.xcconfig"; path = "Target Support Files/Pods-kickboxing app/Pods-kickboxing app.debug.xcconfig"; sourceTree = "<group>"; };
		A9EA34F5574802FC59E105CE /* Pods-kickboxing app.release.xcconfig */ = {isa = PBXFileReference; includeInIndex = 1; lastKnownFileType = text.xcconfig; name = "Pods-kickboxing app.release.xcconfig"; path = "Target Support Files/Pods-kickboxing app/Pods-kickboxing app.release.xcconfig"; sourceTree = "<group>"; };
		B46A294CB9EFB9CF49B428D9 /* Pods_kickboxing_app.framework */ = {isa = PBXFileReference; explicitFileType = wrapper.framework; includeInIndex = 0; path = Pods_kickboxing_app.framework; sourceTree = BUILT_PRODUCTS_DIR; };
/* End PBXFileReference section */

/* Begin PBXFrameworksBuildPhase section */
		1E9E67462471FCB0006595EF /* Frameworks */ = {
			isa = PBXFrameworksBuildPhase;
			buildActionMask = 2147483647;
			files = (
				1E5A89E0B3BC41DBBC7BA269 /* Pods_kickboxing_app.framework in Frameworks */,
			);
			runOnlyForDeploymentPostprocessing = 0;
		};
/* End PBXFrameworksBuildPhase section */

/* Begin PBXGroup section */
		1E1367E324ACD85C004BB87F /* Images */ = {
			isa = PBXGroup;
			children = (
				739B5C8024CE85E2007B1A07 /* whistle.png */,
				739B5C7E24CE70D3007B1A07 /* coach.png */,
				739B5C7C24CE639C007B1A07 /* speaker.png */,
				1E1DBB0224C52715002F53F5 /* DragoBWFinal.png */,
				1E1DBB0324C52716002F53F5 /* DragoRFinal.png */,
				1E1DBB0124C52715002F53F5 /* DragoW2Final.png */,
				1E1DBB0424C52717002F53F5 /* DragoWFinal.png */,
				1ECF121924BFD634009D4E6D /* kcickgenicontrans.png */,
				1ECF121724BE99A5009D4E6D /* gear.png */,
				1ECF121524BE93C3009D4E6D /* questionmark.png */,
				1ECF121324BE9316009D4E6D /* question.png */,
				1ECF11EB24BBAA10009D4E6D /* fontlogoblack.png */,
				1ECF11EC24BBAA10009D4E6D /* fontlogowhite.png */,
				1ECF116B24B6A4F1009D4E6D /* error.png */,
				1E1367E424ACD8AE004BB87F /* checked.png */,
				1E1367E624ACD8AE004BB87F /* arrowdown.png */,
				1E1367E724ACD8AE004BB87F /* arrowright.png */,
				1E1367E524ACD8AE004BB87F /* unchecked.png */,
				1E1367F524B413DB004BB87F /* punchplaceholder.png */,
				1E5706FD24B68668004710BB /* filter.png */,
				1ECF116D24B75585009D4E6D /* logo.png */,
				1ECF116F24B7DA5B009D4E6D /* ocean.jpg */,
				1ECF117124B7DA63009D4E6D /* special-delivery (1).jpg */,
				1ECF117324B7DA6B009D4E6D /* shattered-island.gif */,
				1ECF117524B7F27B009D4E6D /* hamburgermenu.png */,
				1ECF117B24B8C7B8009D4E6D /* arrowleft.png */,
			);
			path = Images;
			sourceTree = "<group>";
		};
		1E28E6BB24AC202E00E24311 /* Filter */ = {
			isa = PBXGroup;
			children = (
				1E1367F324B41122004BB87F /* MainCell.h */,
				1E1367F224B41122004BB87F /* MainCell.m */,
				1E1367E024AC2250004BB87F /* HeaderCell.h */,
				1E1367E124AC2272004BB87F /* HeaderCell.m */,
				1E1367EC24AD8B79004BB87F /* MoveCell.h */,
				1E1367ED24AE3ADB004BB87F /* MoveCell.m */,
				1E1367EF24AE5AE6004BB87F /* CellMenuItem.h */,
				1E1367F024AE5B43004BB87F /* CellMenuItem.m */,
			);
			path = Filter;
			sourceTree = "<group>";
		};
		1E37B87424D3AF64008A1ED7 /* sound */ = {
			isa = PBXGroup;
			children = (
				1E37B87624D3AF80008A1ED7 /* SoundManager.h */,
				1E37B87524D3AF80008A1ED7 /* SoundManager.m */,
			);
			path = sound;
			sourceTree = "<group>";
		};
		1E9E67402471FCB0006595EF = {
			isa = PBXGroup;
			children = (
				1E9E674B2471FCB0006595EF /* kickboxing app */,
				1E9E674A2471FCB0006595EF /* Products */,
				A7B590E05E6DC8D1A7FCDCF6 /* Pods */,
				62F61D420C5CFA2C5732778E /* Frameworks */,
			);
			sourceTree = "<group>";
		};
		1E9E674A2471FCB0006595EF /* Products */ = {
			isa = PBXGroup;
			children = (
				1E9E67492471FCB0006595EF /* Kickbotic.app */,
			);
			name = Products;
			sourceTree = "<group>";
		};
		1E9E674B2471FCB0006595EF /* kickboxing app */ = {
			isa = PBXGroup;
			children = (
				1E37B87424D3AF64008A1ED7 /* sound */,
				1ECF117E24B96032009D4E6D /* move assets */,
				1E1367E324ACD85C004BB87F /* Images */,
				1E28E6BB24AC202E00E24311 /* Filter */,
				1E9E676C24742119006595EF /* Objects */,
				1E9E674C2471FCB0006595EF /* AppDelegate.h */,
				1E9E674D2471FCB0006595EF /* AppDelegate.m */,
				1E9E674F2471FCB0006595EF /* SceneDelegate.h */,
				1E9E67502471FCB0006595EF /* SceneDelegate.m */,
				1E9E67522471FCB0006595EF /* ViewController.h */,
				1E9E67532471FCB0006595EF /* ViewController.m */,
				1E37B87824D3B1C1008A1ED7 /* knee.mp3 */,
				1E9E67552471FCB0006595EF /* Main.storyboard */,
				1E9E67582471FCB1006595EF /* Assets.xcassets */,
				1E9E675A2471FCB1006595EF /* LaunchScreen.storyboard */,
				1E9E675D2471FCB1006595EF /* Info.plist */,
				1E9E675E2471FCB1006595EF /* main.m */,
			);
			path = "kickboxing app";
			sourceTree = "<group>";
		};
		1E9E676C24742119006595EF /* Objects */ = {
			isa = PBXGroup;
			children = (
				1E9E676A24742112006595EF /* MoveManager.m */,
				1E9E676D24742130006595EF /* MoveManager.h */,
				1E9E676E24742518006595EF /* Move.h */,
				1E9E676F2474291E006595EF /* Move.m */,
				1E28E6AE24A4270500E24311 /* CategoryItem.h */,
				1E28E6AF24A4272200E24311 /* CategoryItem.m */,
			);
			path = Objects;
			sourceTree = "<group>";
		};
		1ECF117E24B96032009D4E6D /* move assets */ = {
			isa = PBXGroup;
			children = (
				1ECF11EF24BE694C009D4E6D /* cross.png */,
				1ECF11F124BE694C009D4E6D /* front.png */,
				1ECF11F524BE694C009D4E6D /* jab.png */,
				1ECF11FD24BE694D009D4E6D /* knee.png */,
				1ECF11F024BE694C009D4E6D /* leadhook.png */,
				1ECF11FB24BE694D009D4E6D /* leadupper.png */,
				1ECF11F924BE694D009D4E6D /* lean.png */,
				1ECF11F724BE694C009D4E6D /* rearhook.png */,
				1ECF120024BE694E009D4E6D /* rearupper.png */,
				1ECF11F424BE694C009D4E6D /* roll.png */,
				1ECF11FA24BE694D009D4E6D /* round.png */,
				1ECF11F224BE694C009D4E6D /* sidekick.png */,
				1ECF11FC24BE694D009D4E6D /* slidein.png */,
				1ECF11F624BE694C009D4E6D /* slideleft.png */,
				1ECF11F824BE694D009D4E6D /* slideout.png */,
				1ECF11F324BE694C009D4E6D /* slideright.png */,
				1ECF11FF24BE694D009D4E6D /* slip.png */,
				1ECF11FE24BE694D009D4E6D /* teep.png */,
			);
			path = "move assets";
			sourceTree = "<group>";
		};
		62F61D420C5CFA2C5732778E /* Frameworks */ = {
			isa = PBXGroup;
			children = (
				B46A294CB9EFB9CF49B428D9 /* Pods_kickboxing_app.framework */,
			);
			name = Frameworks;
			sourceTree = "<group>";
		};
		A7B590E05E6DC8D1A7FCDCF6 /* Pods */ = {
			isa = PBXGroup;
			children = (
				7E1D73C6ACC29C763F88B8C6 /* Pods-kickboxing app.debug.xcconfig */,
				A9EA34F5574802FC59E105CE /* Pods-kickboxing app.release.xcconfig */,
			);
			path = Pods;
			sourceTree = "<group>";
		};
/* End PBXGroup section */

/* Begin PBXNativeTarget section */
		1E9E67482471FCB0006595EF /* kickboxing app */ = {
			isa = PBXNativeTarget;
			buildConfigurationList = 1E9E67622471FCB1006595EF /* Build configuration list for PBXNativeTarget "kickboxing app" */;
			buildPhases = (
				BE0854621595201A4114624A /* [CP] Check Pods Manifest.lock */,
				1E9E67452471FCB0006595EF /* Sources */,
				1E9E67462471FCB0006595EF /* Frameworks */,
				1E9E67472471FCB0006595EF /* Resources */,
				BE56D2D21E283013BD279A3A /* [CP] Embed Pods Frameworks */,
			);
			buildRules = (
			);
			dependencies = (
			);
			name = "kickboxing app";
			productName = "kickboxing app";
			productReference = 1E9E67492471FCB0006595EF /* Kickbotic.app */;
			productType = "com.apple.product-type.application";
		};
/* End PBXNativeTarget section */

/* Begin PBXProject section */
		1E9E67412471FCB0006595EF /* Project object */ = {
			isa = PBXProject;
			attributes = {
				LastUpgradeCheck = 1130;
				ORGANIZATIONNAME = SUNSTRIDER;
				TargetAttributes = {
					1E9E67482471FCB0006595EF = {
						CreatedOnToolsVersion = 11.3.1;
						LastSwiftMigration = 1130;
					};
				};
			};
			buildConfigurationList = 1E9E67442471FCB0006595EF /* Build configuration list for PBXProject "kickboxing app" */;
			compatibilityVersion = "Xcode 9.3";
			developmentRegion = en;
			hasScannedForEncodings = 0;
			knownRegions = (
				en,
				Base,
			);
			mainGroup = 1E9E67402471FCB0006595EF;
			productRefGroup = 1E9E674A2471FCB0006595EF /* Products */;
			projectDirPath = "";
			projectRoot = "";
			targets = (
				1E9E67482471FCB0006595EF /* kickboxing app */,
			);
		};
/* End PBXProject section */

/* Begin PBXResourcesBuildPhase section */
		1E9E67472471FCB0006595EF /* Resources */ = {
			isa = PBXResourcesBuildPhase;
			buildActionMask = 2147483647;
			files = (
				739B5C7F24CE70D4007B1A07 /* coach.png in Resources */,
				1ECF121A24BFD634009D4E6D /* kcickgenicontrans.png in Resources */,
				1ECF120A24BE694E009D4E6D /* slideout.png in Resources */,
				1E9E675C2471FCB1006595EF /* LaunchScreen.storyboard in Resources */,
				739B5C8124CE85E2007B1A07 /* whistle.png in Resources */,
				1ECF117224B7DA63009D4E6D /* special-delivery (1).jpg in Resources */,
				1ECF120324BE694E009D4E6D /* front.png in Resources */,
				1ECF117624B7F27C009D4E6D /* hamburgermenu.png in Resources */,
				1ECF121824BE99A5009D4E6D /* gear.png in Resources */,
				1E1DBB0624C52717002F53F5 /* DragoBWFinal.png in Resources */,
				1E1DBB0824C52717002F53F5 /* DragoWFinal.png in Resources */,
				1E1367E924ACD8AE004BB87F /* unchecked.png in Resources */,
				1ECF120E24BE694E009D4E6D /* slidein.png in Resources */,
				1E5706FE24B68668004710BB /* filter.png in Resources */,
				1ECF121424BE9316009D4E6D /* question.png in Resources */,
				1ECF117424B7DA6B009D4E6D /* shattered-island.gif in Resources */,
				1ECF120D24BE694E009D4E6D /* leadupper.png in Resources */,
				1E1DBB0524C52717002F53F5 /* DragoW2Final.png in Resources */,
				1ECF121224BE694E009D4E6D /* rearupper.png in Resources */,
				1E9E67592471FCB1006595EF /* Assets.xcassets in Resources */,
				1ECF120824BE694E009D4E6D /* slideleft.png in Resources */,
				1E1DBB0724C52717002F53F5 /* DragoRFinal.png in Resources */,
				1E37B87924D3B1C1008A1ED7 /* knee.mp3 in Resources */,
				1ECF117C24B8C7B8009D4E6D /* arrowleft.png in Resources */,
				1E9E67572471FCB0006595EF /* Main.storyboard in Resources */,
				1ECF120C24BE694E009D4E6D /* round.png in Resources */,
				1ECF120724BE694E009D4E6D /* jab.png in Resources */,
				1ECF11EE24BBAA10009D4E6D /* fontlogowhite.png in Resources */,
				1ECF120124BE694E009D4E6D /* cross.png in Resources */,
				1ECF120524BE694E009D4E6D /* slideright.png in Resources */,
				1ECF120424BE694E009D4E6D /* sidekick.png in Resources */,
				739B5C7D24CE639C007B1A07 /* speaker.png in Resources */,
				1ECF120F24BE694E009D4E6D /* knee.png in Resources */,
				1ECF121124BE694E009D4E6D /* slip.png in Resources */,
				1E1367EB24ACD8AE004BB87F /* arrowright.png in Resources */,
				1E1367EA24ACD8AE004BB87F /* arrowdown.png in Resources */,
				1ECF121024BE694E009D4E6D /* teep.png in Resources */,
				1E1367F624B413DB004BB87F /* punchplaceholder.png in Resources */,
				1ECF120224BE694E009D4E6D /* leadhook.png in Resources */,
				1ECF120B24BE694E009D4E6D /* lean.png in Resources */,
				1ECF116E24B75586009D4E6D /* logo.png in Resources */,
				1E1367E824ACD8AE004BB87F /* checked.png in Resources */,
				1ECF121624BE93C4009D4E6D /* questionmark.png in Resources */,
				1ECF120924BE694E009D4E6D /* rearhook.png in Resources */,
				1ECF120624BE694E009D4E6D /* roll.png in Resources */,
				1ECF117024B7DA5B009D4E6D /* ocean.jpg in Resources */,
				1ECF116C24B6A4F1009D4E6D /* error.png in Resources */,
				1ECF11ED24BBAA10009D4E6D /* fontlogoblack.png in Resources */,
			);
			runOnlyForDeploymentPostprocessing = 0;
		};
/* End PBXResourcesBuildPhase section */

/* Begin PBXShellScriptBuildPhase section */
		BE0854621595201A4114624A /* [CP] Check Pods Manifest.lock */ = {
			isa = PBXShellScriptBuildPhase;
			buildActionMask = 2147483647;
			files = (
			);
			inputFileListPaths = (
			);
			inputPaths = (
				"${PODS_PODFILE_DIR_PATH}/Podfile.lock",
				"${PODS_ROOT}/Manifest.lock",
			);
			name = "[CP] Check Pods Manifest.lock";
			outputFileListPaths = (
			);
			outputPaths = (
				"$(DERIVED_FILE_DIR)/Pods-kickboxing app-checkManifestLockResult.txt",
			);
			runOnlyForDeploymentPostprocessing = 0;
			shellPath = /bin/sh;
			shellScript = "diff \"${PODS_PODFILE_DIR_PATH}/Podfile.lock\" \"${PODS_ROOT}/Manifest.lock\" > /dev/null\nif [ $? != 0 ] ; then\n    # print error to STDERR\n    echo \"error: The sandbox is not in sync with the Podfile.lock. Run 'pod install' or update your CocoaPods installation.\" >&2\n    exit 1\nfi\n# This output is used by Xcode 'outputs' to avoid re-running this script phase.\necho \"SUCCESS\" > \"${SCRIPT_OUTPUT_FILE_0}\"\n";
			showEnvVarsInLog = 0;
		};
		BE56D2D21E283013BD279A3A /* [CP] Embed Pods Frameworks */ = {
			isa = PBXShellScriptBuildPhase;
			buildActionMask = 2147483647;
			files = (
			);
			inputFileListPaths = (
				"${PODS_ROOT}/Target Support Files/Pods-kickboxing app/Pods-kickboxing app-frameworks-${CONFIGURATION}-input-files.xcfilelist",
			);
			name = "[CP] Embed Pods Frameworks";
			outputFileListPaths = (
				"${PODS_ROOT}/Target Support Files/Pods-kickboxing app/Pods-kickboxing app-frameworks-${CONFIGURATION}-output-files.xcfilelist",
			);
			runOnlyForDeploymentPostprocessing = 0;
			shellPath = /bin/sh;
			shellScript = "\"${PODS_ROOT}/Target Support Files/Pods-kickboxing app/Pods-kickboxing app-frameworks.sh\"\n";
			showEnvVarsInLog = 0;
		};
/* End PBXShellScriptBuildPhase section */

/* Begin PBXSourcesBuildPhase section */
		1E9E67452471FCB0006595EF /* Sources */ = {
			isa = PBXSourcesBuildPhase;
			buildActionMask = 2147483647;
			files = (
				1E1367EE24AE3ADB004BB87F /* MoveCell.m in Sources */,
				1E1367E224AC2272004BB87F /* HeaderCell.m in Sources */,
				1E9E676B24742112006595EF /* MoveManager.m in Sources */,
				1E1367F124AE5B43004BB87F /* CellMenuItem.m in Sources */,
				1E9E67542471FCB0006595EF /* ViewController.m in Sources */,
				1E9E674E2471FCB0006595EF /* AppDelegate.m in Sources */,
				1E28E6B024A4272200E24311 /* CategoryItem.m in Sources */,
				1E9E675F2471FCB1006595EF /* main.m in Sources */,
				1E9E67702474291E006595EF /* Move.m in Sources */,
				1E37B87724D3AF80008A1ED7 /* SoundManager.m in Sources */,
				1E1367F424B41122004BB87F /* MainCell.m in Sources */,
				1E9E67512471FCB0006595EF /* SceneDelegate.m in Sources */,
			);
			runOnlyForDeploymentPostprocessing = 0;
		};
/* End PBXSourcesBuildPhase section */

/* Begin PBXVariantGroup section */
		1E9E67552471FCB0006595EF /* Main.storyboard */ = {
			isa = PBXVariantGroup;
			children = (
				1E9E67562471FCB0006595EF /* Base */,
			);
			name = Main.storyboard;
			sourceTree = "<group>";
		};
		1E9E675A2471FCB1006595EF /* LaunchScreen.storyboard */ = {
			isa = PBXVariantGroup;
			children = (
				1E9E675B2471FCB1006595EF /* Base */,
			);
			name = LaunchScreen.storyboard;
			sourceTree = "<group>";
		};
/* End PBXVariantGroup section */

/* Begin XCBuildConfiguration section */
		1E9E67602471FCB1006595EF /* Debug */ = {
			isa = XCBuildConfiguration;
			buildSettings = {
				ALWAYS_SEARCH_USER_PATHS = NO;
				CLANG_ANALYZER_NONNULL = YES;
				CLANG_ANALYZER_NUMBER_OBJECT_CONVERSION = YES_AGGRESSIVE;
				CLANG_CXX_LANGUAGE_STANDARD = "gnu++14";
				CLANG_CXX_LIBRARY = "libc++";
				CLANG_ENABLE_MODULES = YES;
				CLANG_ENABLE_OBJC_ARC = YES;
				CLANG_ENABLE_OBJC_WEAK = YES;
				CLANG_WARN_BLOCK_CAPTURE_AUTORELEASING = YES;
				CLANG_WARN_BOOL_CONVERSION = YES;
				CLANG_WARN_COMMA = YES;
				CLANG_WARN_CONSTANT_CONVERSION = YES;
				CLANG_WARN_DEPRECATED_OBJC_IMPLEMENTATIONS = YES;
				CLANG_WARN_DIRECT_OBJC_ISA_USAGE = YES_ERROR;
				CLANG_WARN_DOCUMENTATION_COMMENTS = YES;
				CLANG_WARN_EMPTY_BODY = YES;
				CLANG_WARN_ENUM_CONVERSION = YES;
				CLANG_WARN_INFINITE_RECURSION = YES;
				CLANG_WARN_INT_CONVERSION = YES;
				CLANG_WARN_NON_LITERAL_NULL_CONVERSION = YES;
				CLANG_WARN_OBJC_IMPLICIT_RETAIN_SELF = YES;
				CLANG_WARN_OBJC_LITERAL_CONVERSION = YES;
				CLANG_WARN_OBJC_ROOT_CLASS = YES_ERROR;
				CLANG_WARN_RANGE_LOOP_ANALYSIS = YES;
				CLANG_WARN_STRICT_PROTOTYPES = YES;
				CLANG_WARN_SUSPICIOUS_MOVE = YES;
				CLANG_WARN_UNGUARDED_AVAILABILITY = YES_AGGRESSIVE;
				CLANG_WARN_UNREACHABLE_CODE = YES;
				CLANG_WARN__DUPLICATE_METHOD_MATCH = YES;
				COPY_PHASE_STRIP = NO;
				DEBUG_INFORMATION_FORMAT = dwarf;
				ENABLE_STRICT_OBJC_MSGSEND = YES;
				ENABLE_TESTABILITY = YES;
				GCC_C_LANGUAGE_STANDARD = gnu11;
				GCC_DYNAMIC_NO_PIC = NO;
				GCC_NO_COMMON_BLOCKS = YES;
				GCC_OPTIMIZATION_LEVEL = 0;
				GCC_PREPROCESSOR_DEFINITIONS = (
					"DEBUG=1",
					"$(inherited)",
				);
				GCC_WARN_64_TO_32_BIT_CONVERSION = YES;
				GCC_WARN_ABOUT_RETURN_TYPE = YES_ERROR;
				GCC_WARN_UNDECLARED_SELECTOR = YES;
				GCC_WARN_UNINITIALIZED_AUTOS = YES_AGGRESSIVE;
				GCC_WARN_UNUSED_FUNCTION = YES;
				GCC_WARN_UNUSED_VARIABLE = YES;
				IPHONEOS_DEPLOYMENT_TARGET = 11.0;
				MTL_ENABLE_DEBUG_INFO = INCLUDE_SOURCE;
				MTL_FAST_MATH = YES;
				ONLY_ACTIVE_ARCH = YES;
				SDKROOT = iphoneos;
			};
			name = Debug;
		};
		1E9E67612471FCB1006595EF /* Release */ = {
			isa = XCBuildConfiguration;
			buildSettings = {
				ALWAYS_SEARCH_USER_PATHS = NO;
				CLANG_ANALYZER_NONNULL = YES;
				CLANG_ANALYZER_NUMBER_OBJECT_CONVERSION = YES_AGGRESSIVE;
				CLANG_CXX_LANGUAGE_STANDARD = "gnu++14";
				CLANG_CXX_LIBRARY = "libc++";
				CLANG_ENABLE_MODULES = YES;
				CLANG_ENABLE_OBJC_ARC = YES;
				CLANG_ENABLE_OBJC_WEAK = YES;
				CLANG_WARN_BLOCK_CAPTURE_AUTORELEASING = YES;
				CLANG_WARN_BOOL_CONVERSION = YES;
				CLANG_WARN_COMMA = YES;
				CLANG_WARN_CONSTANT_CONVERSION = YES;
				CLANG_WARN_DEPRECATED_OBJC_IMPLEMENTATIONS = YES;
				CLANG_WARN_DIRECT_OBJC_ISA_USAGE = YES_ERROR;
				CLANG_WARN_DOCUMENTATION_COMMENTS = YES;
				CLANG_WARN_EMPTY_BODY = YES;
				CLANG_WARN_ENUM_CONVERSION = YES;
				CLANG_WARN_INFINITE_RECURSION = YES;
				CLANG_WARN_INT_CONVERSION = YES;
				CLANG_WARN_NON_LITERAL_NULL_CONVERSION = YES;
				CLANG_WARN_OBJC_IMPLICIT_RETAIN_SELF = YES;
				CLANG_WARN_OBJC_LITERAL_CONVERSION = YES;
				CLANG_WARN_OBJC_ROOT_CLASS = YES_ERROR;
				CLANG_WARN_RANGE_LOOP_ANALYSIS = YES;
				CLANG_WARN_STRICT_PROTOTYPES = YES;
				CLANG_WARN_SUSPICIOUS_MOVE = YES;
				CLANG_WARN_UNGUARDED_AVAILABILITY = YES_AGGRESSIVE;
				CLANG_WARN_UNREACHABLE_CODE = YES;
				CLANG_WARN__DUPLICATE_METHOD_MATCH = YES;
				COPY_PHASE_STRIP = NO;
				DEBUG_INFORMATION_FORMAT = "dwarf-with-dsym";
				ENABLE_NS_ASSERTIONS = NO;
				ENABLE_STRICT_OBJC_MSGSEND = YES;
				GCC_C_LANGUAGE_STANDARD = gnu11;
				GCC_NO_COMMON_BLOCKS = YES;
				GCC_WARN_64_TO_32_BIT_CONVERSION = YES;
				GCC_WARN_ABOUT_RETURN_TYPE = YES_ERROR;
				GCC_WARN_UNDECLARED_SELECTOR = YES;
				GCC_WARN_UNINITIALIZED_AUTOS = YES_AGGRESSIVE;
				GCC_WARN_UNUSED_FUNCTION = YES;
				GCC_WARN_UNUSED_VARIABLE = YES;
				IPHONEOS_DEPLOYMENT_TARGET = 11.0;
				MTL_ENABLE_DEBUG_INFO = NO;
				MTL_FAST_MATH = YES;
				SDKROOT = iphoneos;
				VALIDATE_PRODUCT = YES;
			};
			name = Release;
		};
		1E9E67632471FCB1006595EF /* Debug */ = {
			isa = XCBuildConfiguration;
			baseConfigurationReference = 7E1D73C6ACC29C763F88B8C6 /* Pods-kickboxing app.debug.xcconfig */;
			buildSettings = {
				ASSETCATALOG_COMPILER_APPICON_NAME = AppIcon;
				CLANG_ENABLE_MODULES = YES;
				CODE_SIGN_STYLE = Automatic;
				CURRENT_PROJECT_VERSION = 6;
				DEVELOPMENT_TEAM = RX64HPKB3B;
				INFOPLIST_FILE = "kickboxing app/Info.plist";
				IPHONEOS_DEPLOYMENT_TARGET = 11.0;
				LD_RUNPATH_SEARCH_PATHS = (
					"$(inherited)",
					"@executable_path/Frameworks",
				);
				PRODUCT_BUNDLE_IDENTIFIER = SUNSTRIDER.generator.kickboxing;
				PRODUCT_NAME = Kickbotic;
				SWIFT_OBJC_BRIDGING_HEADER = "kickboxing app/kickboxing app-Bridging-Header.h";
				SWIFT_OPTIMIZATION_LEVEL = "-Onone";
				SWIFT_VERSION = 5.0;
				TARGETED_DEVICE_FAMILY = 1;
			};
			name = Debug;
		};
		1E9E67642471FCB1006595EF /* Release */ = {
			isa = XCBuildConfiguration;
			baseConfigurationReference = A9EA34F5574802FC59E105CE /* Pods-kickboxing app.release.xcconfig */;
			buildSettings = {
				ASSETCATALOG_COMPILER_APPICON_NAME = AppIcon;
				CLANG_ENABLE_MODULES = YES;
				CODE_SIGN_STYLE = Automatic;
				CURRENT_PROJECT_VERSION = 6;
				DEVELOPMENT_TEAM = RX64HPKB3B;
				INFOPLIST_FILE = "kickboxing app/Info.plist";
				IPHONEOS_DEPLOYMENT_TARGET = 11.0;
				LD_RUNPATH_SEARCH_PATHS = (
					"$(inherited)",
					"@executable_path/Frameworks",
				);
				PRODUCT_BUNDLE_IDENTIFIER = SUNSTRIDER.generator.kickboxing;
				PRODUCT_NAME = Kickbotic;
				SWIFT_OBJC_BRIDGING_HEADER = "kickboxing app/kickboxing app-Bridging-Header.h";
				SWIFT_VERSION = 5.0;
				TARGETED_DEVICE_FAMILY = 1;
			};
			name = Release;
		};
/* End XCBuildConfiguration section */

/* Begin XCConfigurationList section */
		1E9E67442471FCB0006595EF /* Build configuration list for PBXProject "kickboxing app" */ = {
			isa = XCConfigurationList;
			buildConfigurations = (
				1E9E67602471FCB1006595EF /* Debug */,
				1E9E67612471FCB1006595EF /* Release */,
			);
			defaultConfigurationIsVisible = 0;
			defaultConfigurationName = Release;
		};
		1E9E67622471FCB1006595EF /* Build configuration list for PBXNativeTarget "kickboxing app" */ = {
			isa = XCConfigurationList;
			buildConfigurations = (
				1E9E67632471FCB1006595EF /* Debug */,
				1E9E67642471FCB1006595EF /* Release */,
			);
			defaultConfigurationIsVisible = 0;
			defaultConfigurationName = Release;
		};
/* End XCConfigurationList section */
	};
	rootObject = 1E9E67412471FCB0006595EF /* Project object */;
}
